<?xml version="1.0" encoding="UTF-8" standalone="yes" ?>
<CodeBlocks_project_file>
	<FileVersion major="1" minor="6" />
	<Project>
		<Option title="linuxcncplugin" />
		<Option pch_mode="2" />
		<Option compiler="gcc" />
		<Build>
			<Target title="Debug-Linux">
				<Option platforms="Unix;" />
				<Option output="../../../bin/plugins/i386-linux-gnu/$(PROJECT_NAME)_d" prefix_auto="0" extension_auto="1" />
				<Option working_dir="../../../../../scanything" />
				<Option object_output="obj/Debug/" />
				<Option type="3" />
				<Option compiler="gcc" />
				<Option host_application="/home/lathe/Documents/src/scanything/scanything" />
				<Option run_host_application_in_terminal="0" />
				<Compiler>
					<Add option="-fpic" />
					<Add option="-g" />
					<Add option="-fvisibility=hidden" />
					<Add option="--std=c++11" />
					<Add option="-O0" />
					<Add option="-D_DEBUG" />
					<Add option="-D_LINUX" />
					<Add option="-DMSGPACK_USE_CPP03" />
					<Add directory="../../../include" />
					<Add directory="../../../src" />
					<Add directory="../../../libraries/build/include" />
				</Compiler>
			</Target>
			<Target title="Release-Linux">
				<Option platforms="Unix;" />
				<Option output="../../../bin/plugins/i386-linux-gnu/$(PROJECT_NAME)" prefix_auto="0" extension_auto="1" />
				<Option object_output="obj/Debug/" />
				<Option type="3" />
				<Option compiler="gcc" />
				<Compiler>
					<Add option="-fpic" />
					<Add option="-O3" />
					<Add option="-fvisibility=hidden" />
					<Add option="--std=c++11" />
					<Add option="-D_LINUX" />
					<Add option="-DMSGPACK_USE_CPP03" />
					<Add directory="../../../include" />
					<Add directory="../../../src" />
					<Add directory="../../../libraries/build/include" />
				</Compiler>
				<Linker>
					<Add option="-s" />
				</Linker>
			</Target>
		</Build>
		<Compiler>
			<Add option="-Wall" />
			<Add option="-fexceptions" />
		</Compiler>
		<Unit filename="../../../clsocket/src/ActiveSocket.h" />
		<Unit filename="../../../clsocket/src/Host.h" />
		<Unit filename="../../../clsocket/src/PassiveSocket.h" />
		<Unit filename="../../../clsocket/src/SimpleSocket.h" />
		<Unit filename="../../../clsocket/src/StatTimer.h" />
		<Unit filename="../../../include/cncclient.h" />
		<Unit filename="../../../include/cnccomms.h" />
		<Unit filename="../../../include/cncplugin.h" />
		<Unit filename="../../../include/cncserver.h" />
		<Unit filename="../../../include/millisleep.h" />
		<Unit filename="../../../include/timer.h" />
		<Unit filename="../../../src/cncclient.cpp" />
		<Unit filename="../../../src/cnccomms.cpp" />
		<Unit filename="../../../src/cncplugin.cpp" />
		<Unit filename="../../../src/timer.cpp" />
		<Unit filename="main.cpp" />
		<Extensions>
			<code_completion />
			<envvars />
			<debugger />
			<lib_finder disable_auto="1" />
		</Extensions>
	</Project>
</CodeBlocks_project_file>
