<?xml version="1.0" encoding="UTF-8" standalone="yes" ?>
<CodeBlocks_project_file>
	<FileVersion major="1" minor="6" />
	<Project>
		<Option title="linuxcncplugin" />
		<Option pch_mode="2" />
		<Option compiler="gcc" />
		<Build>
			<Target title="Debug-Linux">
				<Option platforms="Unix;" />
				<Option output="../../../bin/plugins/i386-linux-gnu/$(PROJECT_NAME)_d" prefix_auto="0" extension_auto="1" />
				<Option object_output="obj/Debug/" />
				<Option type="3" />
				<Option compiler="gcc" />
				<Compiler>
					<Add option="-g" />
					<Add option="-fvisibility=hidden" />
					<Add option="-D_DEBUG" />
					<Add option="-D_LINUX" />
					<Add directory="../../../include" />
					<Add directory="../../../src" />
					<Add directory="../../../libraries/include" />
					<Add directory="../../../clsocket/src" />
				</Compiler>
				<Linker>
					<Add option="-fvisibility=hidden" />
					<Add library="zmq-4.2.3" />
					<Add library="protobuf-lite-3.1.0" />
					<Add directory="../../../libraries/lib/i386-linux-gnu/" />
				</Linker>
			</Target>
			<Target title="Release-Linux">
				<Option platforms="Unix;" />
				<Option output="../../../bin/plugins/i386-linux-gnu/$(PROJECT_NAME)" prefix_auto="0" extension_auto="1" />
				<Option object_output="obj/Debug/" />
				<Option type="3" />
				<Option compiler="gcc" />
				<Compiler>
					<Add option="-O3" />
					<Add option="-fvisibility=hidden" />
					<Add option="-D_LINUX" />
					<Add directory="../../../include" />
					<Add directory="../../../src" />
					<Add directory="../../../libraries/include" />
					<Add directory="../../../clsocket/src" />
				</Compiler>
				<Linker>
					<Add option="-s" />
					<Add library="zmq-4.2.3" />
					<Add library="protobuf-lite-3.1.0" />
					<Add directory="../../../libraries/lib/i386-linux-gnu/" />
				</Linker>
			</Target>
		</Build>
		<Compiler>
			<Add option="-Wall" />
			<Add option="-fexceptions" />
		</Compiler>
		<Unit filename="../../../clsocket/src/ActiveSocket.h" />
		<Unit filename="../../../clsocket/src/Host.h" />
		<Unit filename="../../../clsocket/src/PassiveSocket.h" />
		<Unit filename="../../../clsocket/src/SimpleSocket.h" />
		<Unit filename="../../../clsocket/src/StatTimer.h" />
		<Unit filename="../../../include/cncclient.h" />
		<Unit filename="../../../include/cnccomms.h" />
		<Unit filename="../../../include/cncplugin.h" />
		<Unit filename="../../../include/cncserver.h" />
		<Unit filename="../../../include/millisleep.h" />
		<Unit filename="../../../include/timer.h" />
		<Unit filename="../../../src/cncclient.cpp" />
		<Unit filename="../../../src/cnccomms.cpp" />
		<Unit filename="../../../src/cncplugin.cpp" />
		<Unit filename="../../../src/cncstatebuf.pb.cc" />
		<Unit filename="../../../src/timer.cpp" />
		<Unit filename="main.cpp" />
		<Extensions>
			<code_completion />
			<envvars />
			<debugger />
			<lib_finder disable_auto="1" />
		</Extensions>
	</Project>
</CodeBlocks_project_file>
