
Microsoft Visual Studio Solution File, Format Version 12.00
# Visual Studio 15
VisualStudioVersion = 15.0.27703.2026
MinimumVisualStudioVersion = 10.0.40219.1
Project("{8BC9CEB8-8B4A-11D0-8D11-00A0C91BC942}") = "Mach3", "Mach3.vcxproj", "{C82BE597-7596-4640-A69F-35FD1A0C4F9E}"
EndProject
Global
	GlobalSection(SolutionConfigurationPlatforms) = preSolution
		Debug|x86 = Debug|x86
		Release|x86 = Release|x86
	EndGlobalSection
	GlobalSection(ProjectConfigurationPlatforms) = postSolution
		{C82BE597-7596-4640-A69F-35FD1A0C4F9E}.Debug|x86.ActiveCfg = Debug|Win32
		{C82BE597-7596-4640-A69F-35FD1A0C4F9E}.Debug|x86.Build.0 = Debug|Win32
		{C82BE597-7596-4640-A69F-35FD1A0C4F9E}.Release|x86.ActiveCfg = Release|Win32
		{C82BE597-7596-4640-A69F-35FD1A0C4F9E}.Release|x86.Build.0 = Release|Win32
	EndGlobalSection
	GlobalSection(SolutionProperties) = preSolution
		HideSolutionNode = FALSE
	EndGlobalSection
	GlobalSection(ExtensibilityGlobals) = postSolution
		SolutionGuid = {434C0491-F6E6-4F36-965D-A50B63CBDC0F}
	EndGlobalSection
EndGlobal
