<?xml version="1.0" encoding="UTF-8" standalone="yes" ?>
<CodeBlocks_project_file>
	<FileVersion major="1" minor="6" />
	<Project>
		<Option title="linuxcncserver" />
		<Option pch_mode="2" />
		<Option compiler="gcc" />
		<Build>
			<Target title="Debug-Linux">
				<Option platforms="Unix;" />
				<Option output="../../../bin/plugins/i386-linux-gnu/linuxcncserver/cncremote-linuxcnc" prefix_auto="1" extension_auto="1" />
				<Option object_output="obj/Debug/" />
				<Option type="1" />
				<Option compiler="gcc" />
				<Compiler>
					<Add option="-g" />
					<Add option="-O0" />
					<Add option="-DULAPI" />
					<Add option="-D_LINUX" />
					<Add directory="$(LINUXCNC)/src/emc/usr_intf" />
					<Add directory="$(LINUXCNC)/include" />
					<Add directory="../../../include" />
					<Add directory="../../../src" />
					<Add directory="../../../libraries/build/include" />
				</Compiler>
				<Linker>
					<Add library="linuxcnchal" />
					<Add library="linuxcnc" />
					<Add library="nml" />
					<Add library="linear" />
					<Add library="uv" />
					<Add library="tv" />
					<Add library="pthread" />
					<Add library="linuxcncini" />
					<Add directory="$(LINUXCNC)/lib" />
					<Add directory="../../../libraries/build/lib" />
				</Linker>
				<ExtraCommands>
					<Add before="./version.sh $(LINUXCNC)" />
				</ExtraCommands>
			</Target>
			<Target title="Release-Linux">
				<Option platforms="Unix;" />
				<Option output="../../../bin/plugins/i386-linux-gnu/linuxcncserver/cncremote-linuxcnc" prefix_auto="1" extension_auto="1" />
				<Option object_output="obj/Release/" />
				<Option type="1" />
				<Option compiler="gcc" />
				<Option use_console_runner="0" />
				<Compiler>
					<Add option="-O3" />
					<Add option="-DULAPI" />
					<Add option="-D_LINUX" />
					<Add directory="$(EMC2_HOME)/src/emc/usr_intf" />
					<Add directory="$(EMC2_HOME)/include" />
					<Add directory="../../../include" />
					<Add directory="../../../src" />
					<Add directory="../../../libraries/build/include" />
					<Add directory="/usr/include/linuxcnc" />
				</Compiler>
				<Linker>
					<Add option="-s" />
					<Add option="-fvisibility=hidden" />
					<Add library="linuxcnchal" />
					<Add library="linuxcnc" />
					<Add library="nml" />
					<Add library="pthread" />
					<Add library="linuxcncini" />
					<Add library="linear" />
					<Add library="tv" />
					<Add library="uv" />
					<Add directory="$(EMC2_HOME)/lib" />
					<Add directory="../../../libraries/build/lib" />
				</Linker>
				<ExtraCommands>
					<Add before="./version.sh $(EMC2_HOME)" />
					<Add after="./copy.sh $(EMC2_HOME) $(TARGET_OUTPUT_FILE)" />
				</ExtraCommands>
			</Target>
		</Build>
		<Compiler>
			<Add option="-Wall" />
			<Add option="-fexceptions" />
		</Compiler>
		<Unit filename="linuxcnc.cpp" />
		<Unit filename="linuxcnc.h" />
		<Unit filename="main.cpp" />
		<Unit filename="../../../include/cnccomms.h" />
		<Unit filename="../../../include/cncserver.h" />
		<Unit filename="../../../include/timer.h" />
		<Unit filename="../../../src/cnccomms.cpp" />
		<Unit filename="../../../src/cncplugin.cpp" />
		<Unit filename="../../../src/cncserver.cpp" />
		<Unit filename="../../../src/timer.cpp" />
		<Extensions>
			<code_completion />
			<envvars />
			<debugger />
			<lib_finder disable_auto="1" />
		</Extensions>
	</Project>
</CodeBlocks_project_file>
